github.com/anotherhadi/markdown v0.0.0-20240831131312-28f0ef0aa3bc h1:a/VDv5pqdO/zgzW9BVdxXXV2Ka1TTO8q4DJtoWfSVR4=
github.com/anotherhadi/markdown v0.0.0-20240831131312-28f0ef0aa3bc/go.mod h1:nzt60oFya6gJjbk2Punty4tdOAZubKdu+qi+ovSxvUY=
gopkg.in/check.v1 v0.0.0-20161208181325-20d25e280405 h1:yhCVgyC4o1eVCa2tZl7eS0r+SDo693bJlVdllGtEeKM=
gopkg.in/check.v1 v0.0.0-20161208181325-20d25e280405/go.mod h1:Co6ibVJAznAaIkqp8huTwlJQCZ016jof/cbN4VW5Yz0=
gopkg.in/yaml.v3 v3.0.1 h1:fxVm/GzAzEWqLHuvctI91KS9hhNmmWOoWu0XTYJS7CA=
gopkg.in/yaml.v3 v3.0.1/go.mod h1:K4uyk7z7BCEPqu6E+C64Yfv1cQ7kz7rIZviUmN+EgEM=
